<?xml version="1.0" encoding="utf-8"?>
<Project ToolsVersion="4.0" xmlns="http://schemas.microsoft.com/developer/msbuild/2003">
  <ItemGroup>
    <Filter Include="源文件">
      <UniqueIdentifier>{4FC737F1-C7A5-4376-A066-2A32D752A2FF}</UniqueIdentifier>
      <Extensions>cpp;c;cc;cxx;def;odl;idl;hpj;bat;asm;asmx</Extensions>
    </Filter>
    <Filter Include="头文件">
      <UniqueIdentifier>{93995380-89BD-4b04-88EB-625FBE52EBFB}</UniqueIdentifier>
      <Extensions>h;hh;hpp;hxx;hm;inl;inc;ipp;xsd</Extensions>
    </Filter>
    <Filter Include="资源文件">
      <UniqueIdentifier>{67DA6AB6-F800-4c08-8B7A-83BB121AAD01}</UniqueIdentifier>
      <Extensions>rc;ico;cur;bmp;dlg;rc2;rct;bin;rgs;gif;jpg;jpeg;jpe;resx;tiff;tif;png;wav;mfcribbon-ms</Extensions>
    </Filter>
  </ItemGroup>
  <ItemGroup>
    <ClInclude Include="database.h">
      <Filter>头文件</Filter>
    </ClInclude>
    <ClInclude Include="env_export.h">
      <Filter>头文件</Filter>
    </ClInclude>
    <ClInclude Include="resource.h">
      <Filter>头文件</Filter>
    </ClInclude>
    <ClInclude Include="script_export.h">
      <Filter>头文件</Filter>
    </ClInclude>
    <ClInclude Include="stdafx.h">
      <Filter>头文件</Filter>
    </ClInclude>
    <ClInclude Include="vt_menu.h">
      <Filter>头文件</Filter>
    </ClInclude>
    <ClInclude Include="D:\BallanceModLoader\virtools\CK2dEntity.h">
      <Filter>头文件</Filter>
    </ClInclude>
    <ClInclude Include="D:\BallanceModLoader\virtools\CK3dEntity.h">
      <Filter>头文件</Filter>
    </ClInclude>
    <ClInclude Include="D:\BallanceModLoader\virtools\CKAll.h">
      <Filter>头文件</Filter>
    </ClInclude>
    <ClInclude Include="D:\BallanceModLoader\virtools\CKAttributeManager.h">
      <Filter>头文件</Filter>
    </ClInclude>
    <ClInclude Include="D:\BallanceModLoader\virtools\CKBaseManager.h">
      <Filter>头文件</Filter>
    </ClInclude>
    <ClInclude Include="D:\BallanceModLoader\virtools\CKBehavior.h">
      <Filter>头文件</Filter>
    </ClInclude>
    <ClInclude Include="D:\BallanceModLoader\virtools\CKBehaviorIO.h">
      <Filter>头文件</Filter>
    </ClInclude>
    <ClInclude Include="D:\BallanceModLoader\virtools\CKBehaviorManager.h">
      <Filter>头文件</Filter>
    </ClInclude>
    <ClInclude Include="D:\BallanceModLoader\virtools\CKBehaviorPrototype.h">
      <Filter>头文件</Filter>
    </ClInclude>
    <ClInclude Include="D:\BallanceModLoader\virtools\CKBeObject.h">
      <Filter>头文件</Filter>
    </ClInclude>
    <ClInclude Include="D:\BallanceModLoader\virtools\CKBitmapData.h">
      <Filter>头文件</Filter>
    </ClInclude>
    <ClInclude Include="D:\BallanceModLoader\virtools\CKCamera.h">
      <Filter>头文件</Filter>
    </ClInclude>
    <ClInclude Include="D:\BallanceModLoader\virtools\CKCollisionManager.h">
      <Filter>头文件</Filter>
    </ClInclude>
    <ClInclude Include="D:\BallanceModLoader\virtools\CKContext.h">
      <Filter>头文件</Filter>
    </ClInclude>
    <ClInclude Include="D:\BallanceModLoader\virtools\CKDataArray.h">
      <Filter>头文件</Filter>
    </ClInclude>
    <ClInclude Include="D:\BallanceModLoader\virtools\CKDef.h">
      <Filter>头文件</Filter>
    </ClInclude>
    <ClInclude Include="D:\BallanceModLoader\virtools\CKdefines2.h">
      <Filter>头文件</Filter>
    </ClInclude>
    <ClInclude Include="D:\BallanceModLoader\virtools\CKDependencies.h">
      <Filter>头文件</Filter>
    </ClInclude>
    <ClInclude Include="D:\BallanceModLoader\virtools\CKEnums.h">
      <Filter>头文件</Filter>
    </ClInclude>
    <ClInclude Include="D:\BallanceModLoader\virtools\CKError.h">
      <Filter>头文件</Filter>
    </ClInclude>
    <ClInclude Include="D:\BallanceModLoader\virtools\CKGlobals.h">
      <Filter>头文件</Filter>
    </ClInclude>
    <ClInclude Include="D:\BallanceModLoader\virtools\CKGroup.h">
      <Filter>头文件</Filter>
    </ClInclude>
    <ClInclude Include="D:\BallanceModLoader\virtools\CKInputManager.h">
      <Filter>头文件</Filter>
    </ClInclude>
    <ClInclude Include="D:\BallanceModLoader\virtools\CKLevel.h">
      <Filter>头文件</Filter>
    </ClInclude>
    <ClInclude Include="D:\BallanceModLoader\virtools\CKLight.h">
      <Filter>头文件</Filter>
    </ClInclude>
    <ClInclude Include="D:\BallanceModLoader\virtools\CKMaterial.h">
      <Filter>头文件</Filter>
    </ClInclude>
    <ClInclude Include="D:\BallanceModLoader\virtools\CKMesh.h">
      <Filter>头文件</Filter>
    </ClInclude>
    <ClInclude Include="D:\BallanceModLoader\virtools\CKMessage.h">
      <Filter>头文件</Filter>
    </ClInclude>
    <ClInclude Include="D:\BallanceModLoader\virtools\CKMessageManager.h">
      <Filter>头文件</Filter>
    </ClInclude>
    <ClInclude Include="D:\BallanceModLoader\virtools\CKObject.h">
      <Filter>头文件</Filter>
    </ClInclude>
    <ClInclude Include="D:\BallanceModLoader\virtools\CKObjectArray.h">
      <Filter>头文件</Filter>
    </ClInclude>
    <ClInclude Include="D:\BallanceModLoader\virtools\CKObjectDeclaration.h">
      <Filter>头文件</Filter>
    </ClInclude>
    <ClInclude Include="D:\BallanceModLoader\virtools\CKParameter.h">
      <Filter>头文件</Filter>
    </ClInclude>
    <ClInclude Include="D:\BallanceModLoader\virtools\CKParameterIn.h">
      <Filter>头文件</Filter>
    </ClInclude>
    <ClInclude Include="D:\BallanceModLoader\virtools\CKParameterManager.h">
      <Filter>头文件</Filter>
    </ClInclude>
    <ClInclude Include="D:\BallanceModLoader\virtools\CKParameterOperation.h">
      <Filter>头文件</Filter>
    </ClInclude>
    <ClInclude Include="D:\BallanceModLoader\virtools\CKPathManager.h">
      <Filter>头文件</Filter>
    </ClInclude>
    <ClInclude Include="D:\BallanceModLoader\virtools\CKPluginManager.h">
      <Filter>头文件</Filter>
    </ClInclude>
    <ClInclude Include="D:\BallanceModLoader\virtools\CKRenderContext.h">
      <Filter>头文件</Filter>
    </ClInclude>
    <ClInclude Include="D:\BallanceModLoader\virtools\CKRenderManager.h">
      <Filter>头文件</Filter>
    </ClInclude>
    <ClInclude Include="D:\BallanceModLoader\virtools\CKRenderObject.h">
      <Filter>头文件</Filter>
    </ClInclude>
    <ClInclude Include="D:\BallanceModLoader\virtools\CKScene.h">
      <Filter>头文件</Filter>
    </ClInclude>
    <ClInclude Include="D:\BallanceModLoader\virtools\CKSceneObject.h">
      <Filter>头文件</Filter>
    </ClInclude>
    <ClInclude Include="D:\BallanceModLoader\virtools\CKSound.h">
      <Filter>头文件</Filter>
    </ClInclude>
    <ClInclude Include="D:\BallanceModLoader\virtools\CKSoundManager.h">
      <Filter>头文件</Filter>
    </ClInclude>
    <ClInclude Include="D:\BallanceModLoader\virtools\CKSprite.h">
      <Filter>头文件</Filter>
    </ClInclude>
    <ClInclude Include="D:\BallanceModLoader\virtools\CKSprite3D.h">
      <Filter>头文件</Filter>
    </ClInclude>
    <ClInclude Include="D:\BallanceModLoader\virtools\CKSpriteText.h">
      <Filter>头文件</Filter>
    </ClInclude>
    <ClInclude Include="D:\BallanceModLoader\virtools\CKStateObject.h">
      <Filter>头文件</Filter>
    </ClInclude>
    <ClInclude Include="D:\BallanceModLoader\virtools\CKTexture.h">
      <Filter>头文件</Filter>
    </ClInclude>
    <ClInclude Include="D:\BallanceModLoader\virtools\CKTimeManager.h">
      <Filter>头文件</Filter>
    </ClInclude>
    <ClInclude Include="D:\BallanceModLoader\virtools\CKTypes.h">
      <Filter>头文件</Filter>
    </ClInclude>
    <ClInclude Include="D:\BallanceModLoader\virtools\Vx2dVector.h">
      <Filter>头文件</Filter>
    </ClInclude>
    <ClInclude Include="D:\BallanceModLoader\virtools\VxAllocator.h">
      <Filter>头文件</Filter>
    </ClInclude>
    <ClInclude Include="D:\BallanceModLoader\virtools\VxColor.h">
      <Filter>头文件</Filter>
    </ClInclude>
    <ClInclude Include="D:\BallanceModLoader\virtools\VxFrustum.h">
      <Filter>头文件</Filter>
    </ClInclude>
    <ClInclude Include="D:\BallanceModLoader\virtools\VxMath.h">
      <Filter>头文件</Filter>
    </ClInclude>
    <ClInclude Include="D:\BallanceModLoader\virtools\VxMathDefines.h">
      <Filter>头文件</Filter>
    </ClInclude>
    <ClInclude Include="D:\BallanceModLoader\virtools\VxMatrix.h">
      <Filter>头文件</Filter>
    </ClInclude>
    <ClInclude Include="D:\BallanceModLoader\virtools\VxMutex.h">
      <Filter>头文件</Filter>
    </ClInclude>
    <ClInclude Include="D:\BallanceModLoader\virtools\VxPlane.h">
      <Filter>头文件</Filter>
    </ClInclude>
    <ClInclude Include="D:\BallanceModLoader\virtools\VxQuaternion.h">
      <Filter>头文件</Filter>
    </ClInclude>
    <ClInclude Include="D:\BallanceModLoader\virtools\VxRay.h">
      <Filter>头文件</Filter>
    </ClInclude>
    <ClInclude Include="D:\BallanceModLoader\virtools\VxRect.h">
      <Filter>头文件</Filter>
    </ClInclude>
    <ClInclude Include="D:\BallanceModLoader\virtools\VxSphere.h">
      <Filter>头文件</Filter>
    </ClInclude>
    <ClInclude Include="D:\BallanceModLoader\virtools\VxVector.h">
      <Filter>头文件</Filter>
    </ClInclude>
    <ClInclude Include="D:\BallanceModLoader\virtools\XArray.h">
      <Filter>头文件</Filter>
    </ClInclude>
    <ClInclude Include="D:\BallanceModLoader\virtools\XBitArray.h">
      <Filter>头文件</Filter>
    </ClInclude>
    <ClInclude Include="D:\BallanceModLoader\virtools\XClassArray.h">
      <Filter>头文件</Filter>
    </ClInclude>
    <ClInclude Include="D:\BallanceModLoader\virtools\XHashFun.h">
      <Filter>头文件</Filter>
    </ClInclude>
    <ClInclude Include="D:\BallanceModLoader\virtools\XHashTable.h">
      <Filter>头文件</Filter>
    </ClInclude>
    <ClInclude Include="D:\BallanceModLoader\virtools\XObjectArray.h">
      <Filter>头文件</Filter>
    </ClInclude>
    <ClInclude Include="D:\BallanceModLoader\virtools\XSArray.h">
      <Filter>头文件</Filter>
    </ClInclude>
    <ClInclude Include="D:\BallanceModLoader\virtools\XSHashTable.h">
      <Filter>头文件</Filter>
    </ClInclude>
    <ClInclude Include="D:\BallanceModLoader\virtools\XSmartPtr.h">
      <Filter>头文件</Filter>
    </ClInclude>
    <ClInclude Include="D:\BallanceModLoader\virtools\XString.h">
      <Filter>头文件</Filter>
    </ClInclude>
    <ClInclude Include="D:\BallanceModLoader\virtools\XUtil.h">
      <Filter>头文件</Filter>
    </ClInclude>
    <ClInclude Include="virtools_compatible.h">
      <Filter>头文件</Filter>
    </ClInclude>
  </ItemGroup>
  <ItemGroup>
    <ClCompile Include="database.cpp">
      <Filter>源文件</Filter>
    </ClCompile>
    <ClCompile Include="env_export.cpp">
      <Filter>源文件</Filter>
    </ClCompile>
    <ClCompile Include="main.cpp">
      <Filter>源文件</Filter>
    </ClCompile>
    <ClCompile Include="script_export.cpp">
      <Filter>源文件</Filter>
    </ClCompile>
    <ClCompile Include="vt_menu.cpp">
      <Filter>源文件</Filter>
    </ClCompile>
    <ClCompile Include="vt_player.cpp">
      <Filter>源文件</Filter>
    </ClCompile>
    <ClCompile Include="D:\BallanceModLoader\virtools\CK2dEntity.cpp">
      <Filter>源文件</Filter>
    </ClCompile>
    <ClCompile Include="D:\BallanceModLoader\virtools\CK3dEntity.cpp">
      <Filter>源文件</Filter>
    </ClCompile>
    <ClCompile Include="D:\BallanceModLoader\virtools\CKAttributeManager.cpp">
      <Filter>源文件</Filter>
    </ClCompile>
    <ClCompile Include="D:\BallanceModLoader\virtools\CKBaseManager.cpp">
      <Filter>源文件</Filter>
    </ClCompile>
    <ClCompile Include="D:\BallanceModLoader\virtools\CKBehavior.cpp">
      <Filter>源文件</Filter>
    </ClCompile>
    <ClCompile Include="D:\BallanceModLoader\virtools\CKBehaviorIO.cpp">
      <Filter>源文件</Filter>
    </ClCompile>
    <ClCompile Include="D:\BallanceModLoader\virtools\CKBehaviorManager.cpp">
      <Filter>源文件</Filter>
    </ClCompile>
    <ClCompile Include="D:\BallanceModLoader\virtools\CKBehaviorPrototype.cpp">
      <Filter>源文件</Filter>
    </ClCompile>
    <ClCompile Include="D:\BallanceModLoader\virtools\CKBeObject.cpp">
      <Filter>源文件</Filter>
    </ClCompile>
    <ClCompile Include="D:\BallanceModLoader\virtools\CKBitmapData.cpp">
      <Filter>源文件</Filter>
    </ClCompile>
    <ClCompile Include="D:\BallanceModLoader\virtools\CKCamera.cpp">
      <Filter>源文件</Filter>
    </ClCompile>
    <ClCompile Include="D:\BallanceModLoader\virtools\CKCollisionManager.cpp">
      <Filter>源文件</Filter>
    </ClCompile>
    <ClCompile Include="D:\BallanceModLoader\virtools\CKContext.cpp">
      <Filter>源文件</Filter>
    </ClCompile>
    <ClCompile Include="D:\BallanceModLoader\virtools\CKDataArray.cpp">
      <Filter>源文件</Filter>
    </ClCompile>
    <ClCompile Include="D:\BallanceModLoader\virtools\CKGlobals.cpp">
      <Filter>源文件</Filter>
    </ClCompile>
    <ClCompile Include="D:\BallanceModLoader\virtools\CKGroup.cpp">
      <Filter>源文件</Filter>
    </ClCompile>
    <ClCompile Include="D:\BallanceModLoader\virtools\CKInputManager.cpp">
      <Filter>源文件</Filter>
    </ClCompile>
    <ClCompile Include="D:\BallanceModLoader\virtools\CKLevel.cpp">
      <Filter>源文件</Filter>
    </ClCompile>
    <ClCompile Include="D:\BallanceModLoader\virtools\CKLight.cpp">
      <Filter>源文件</Filter>
    </ClCompile>
    <ClCompile Include="D:\BallanceModLoader\virtools\CKMaterial.cpp">
      <Filter>源文件</Filter>
    </ClCompile>
    <ClCompile Include="D:\BallanceModLoader\virtools\CKMesh.cpp">
      <Filter>源文件</Filter>
    </ClCompile>
    <ClCompile Include="D:\BallanceModLoader\virtools\CKMessage.cpp">
      <Filter>源文件</Filter>
    </ClCompile>
    <ClCompile Include="D:\BallanceModLoader\virtools\CKMessageManager.cpp">
      <Filter>源文件</Filter>
    </ClCompile>
    <ClCompile Include="D:\BallanceModLoader\virtools\CKObject.cpp">
      <Filter>源文件</Filter>
    </ClCompile>
    <ClCompile Include="D:\BallanceModLoader\virtools\CKObjectArray.cpp">
      <Filter>源文件</Filter>
    </ClCompile>
    <ClCompile Include="D:\BallanceModLoader\virtools\CKObjectDeclaration.cpp">
      <Filter>源文件</Filter>
    </ClCompile>
    <ClCompile Include="D:\BallanceModLoader\virtools\CKParameter.cpp">
      <Filter>源文件</Filter>
    </ClCompile>
    <ClCompile Include="D:\BallanceModLoader\virtools\CKParameterIn.cpp">
      <Filter>源文件</Filter>
    </ClCompile>
    <ClCompile Include="D:\BallanceModLoader\virtools\CKParameterManager.cpp">
      <Filter>源文件</Filter>
    </ClCompile>
    <ClCompile Include="D:\BallanceModLoader\virtools\CKParameterOperation.cpp">
      <Filter>源文件</Filter>
    </ClCompile>
    <ClCompile Include="D:\BallanceModLoader\virtools\CKPathManager.cpp">
      <Filter>源文件</Filter>
    </ClCompile>
    <ClCompile Include="D:\BallanceModLoader\virtools\CKPluginManager.cpp">
      <Filter>源文件</Filter>
    </ClCompile>
    <ClCompile Include="D:\BallanceModLoader\virtools\CKRenderContext.cpp">
      <Filter>源文件</Filter>
    </ClCompile>
    <ClCompile Include="D:\BallanceModLoader\virtools\CKRenderManager.cpp">
      <Filter>源文件</Filter>
    </ClCompile>
    <ClCompile Include="D:\BallanceModLoader\virtools\CKRenderObject.cpp">
      <Filter>源文件</Filter>
    </ClCompile>
    <ClCompile Include="D:\BallanceModLoader\virtools\CKScene.cpp">
      <Filter>源文件</Filter>
    </ClCompile>
    <ClCompile Include="D:\BallanceModLoader\virtools\CKSceneObject.cpp">
      <Filter>源文件</Filter>
    </ClCompile>
    <ClCompile Include="D:\BallanceModLoader\virtools\CKSound.cpp">
      <Filter>源文件</Filter>
    </ClCompile>
    <ClCompile Include="D:\BallanceModLoader\virtools\CKSoundManager.cpp">
      <Filter>源文件</Filter>
    </ClCompile>
    <ClCompile Include="D:\BallanceModLoader\virtools\CKSprite.cpp">
      <Filter>源文件</Filter>
    </ClCompile>
    <ClCompile Include="D:\BallanceModLoader\virtools\CKSprite3D.cpp">
      <Filter>源文件</Filter>
    </ClCompile>
    <ClCompile Include="D:\BallanceModLoader\virtools\CKSpriteText.cpp">
      <Filter>源文件</Filter>
    </ClCompile>
    <ClCompile Include="D:\BallanceModLoader\virtools\CKStateObject.cpp">
      <Filter>源文件</Filter>
    </ClCompile>
    <ClCompile Include="D:\BallanceModLoader\virtools\CKTexture.cpp">
      <Filter>源文件</Filter>
    </ClCompile>
    <ClCompile Include="D:\BallanceModLoader\virtools\CKTimeManager.cpp">
      <Filter>源文件</Filter>
    </ClCompile>
    <ClCompile Include="D:\BallanceModLoader\virtools\VxMath.cpp">
      <Filter>源文件</Filter>
    </ClCompile>
    <ClCompile Include="D:\BallanceModLoader\virtools\VxMatrix.cpp">
      <Filter>源文件</Filter>
    </ClCompile>
    <ClCompile Include="D:\BallanceModLoader\virtools\VxQuaternion.cpp">
      <Filter>源文件</Filter>
    </ClCompile>
    <ClCompile Include="D:\BallanceModLoader\virtools\XString.cpp">
      <Filter>源文件</Filter>
    </ClCompile>
    <ClCompile Include="virtools_compatible.cpp">
      <Filter>源文件</Filter>
    </ClCompile>
  </ItemGroup>
  <ItemGroup>
    <None Include="SuperScriptMaterializer.def">
      <Filter>源文件</Filter>
    </None>
  </ItemGroup>
</Project>